
Microsoft Visual Studio Solution File, Format Version 12.00
# Visual Studio Version 17
VisualStudioVersion = 17.11.35327.3
MinimumVisualStudioVersion = 10.0.40219.1
Project("{9A19103F-16F7-4668-BE54-9A1E7A4F7556}") = "CSharpFundamentals", "CSharpFundamentals\CSharpFundamentals.csproj", "{505CF135-7E7C-4543-9BE5-804A3F375B87}"
EndProject
Project("{FAE04EC0-301F-11D3-BF4B-00C04F79EFBC}") = "IrvinSeleniumTests", "IrvinSeleniumTests\IrvinSeleniumTests.csproj", "{E73906B0-E99E-4D1E-AAF0-B9710DB2CFB6}"
EndProject
Project("{FAE04EC0-301F-11D3-BF4B-00C04F79EFBC}") = "CSharpSeleniumFrameWork", "CSharpSeleniumFrameWork\CSharpSeleniumFrameWork.csproj", "{3A35C799-E353-46CF-9F4F-D2B5BD606E5C}"
EndProject
Global
	GlobalSection(SolutionConfigurationPlatforms) = preSolution
		Debug|Any CPU = Debug|Any CPU
		Release|Any CPU = Release|Any CPU
	EndGlobalSection
	GlobalSection(ProjectConfigurationPlatforms) = postSolution
		{505CF135-7E7C-4543-9BE5-804A3F375B87}.Debug|Any CPU.ActiveCfg = Debug|Any CPU
		{505CF135-7E7C-4543-9BE5-804A3F375B87}.Debug|Any CPU.Build.0 = Debug|Any CPU
		{505CF135-7E7C-4543-9BE5-804A3F375B87}.Release|Any CPU.ActiveCfg = Release|Any CPU
		{505CF135-7E7C-4543-9BE5-804A3F375B87}.Release|Any CPU.Build.0 = Release|Any CPU
		{E73906B0-E99E-4D1E-AAF0-B9710DB2CFB6}.Debug|Any CPU.ActiveCfg = Debug|Any CPU
		{E73906B0-E99E-4D1E-AAF0-B9710DB2CFB6}.Debug|Any CPU.Build.0 = Debug|Any CPU
		{E73906B0-E99E-4D1E-AAF0-B9710DB2CFB6}.Release|Any CPU.ActiveCfg = Release|Any CPU
		{E73906B0-E99E-4D1E-AAF0-B9710DB2CFB6}.Release|Any CPU.Build.0 = Release|Any CPU
		{3A35C799-E353-46CF-9F4F-D2B5BD606E5C}.Debug|Any CPU.ActiveCfg = Debug|Any CPU
		{3A35C799-E353-46CF-9F4F-D2B5BD606E5C}.Debug|Any CPU.Build.0 = Debug|Any CPU
		{3A35C799-E353-46CF-9F4F-D2B5BD606E5C}.Release|Any CPU.ActiveCfg = Release|Any CPU
		{3A35C799-E353-46CF-9F4F-D2B5BD606E5C}.Release|Any CPU.Build.0 = Release|Any CPU
	EndGlobalSection
	GlobalSection(SolutionProperties) = preSolution
		HideSolutionNode = FALSE
	EndGlobalSection
	GlobalSection(ExtensibilityGlobals) = postSolution
		SolutionGuid = {9CB55C6C-AA4D-4A6F-8D98-C113F7ABDBC5}
	EndGlobalSection
EndGlobal
